
Microsoft Visual Studio Solution File, Format Version 11.00
# Visual Studio 2010
# SharpDevelop 4.4
Project("{FAE04EC0-301F-11D3-BF4B-00C04F79EFBC}") = "MSSQL_Converter", "MSSQL_Converter\MSSQL_Converter.csproj", "{81A3A6C8-1290-4F7D-B940-5E6584A49C36}"
EndProject
Global
	GlobalSection(SolutionConfigurationPlatforms) = preSolution
		Debug|Any CPU = Debug|Any CPU
		Release|Any CPU = Release|Any CPU
	EndGlobalSection
	GlobalSection(ProjectConfigurationPlatforms) = postSolution
		{81A3A6C8-1290-4F7D-B940-5E6584A49C36}.Debug|Any CPU.Build.0 = Debug|Any CPU
		{81A3A6C8-1290-4F7D-B940-5E6584A49C36}.Debug|Any CPU.ActiveCfg = Debug|Any CPU
		{81A3A6C8-1290-4F7D-B940-5E6584A49C36}.Release|Any CPU.Build.0 = Release|Any CPU
		{81A3A6C8-1290-4F7D-B940-5E6584A49C36}.Release|Any CPU.ActiveCfg = Release|Any CPU
	EndGlobalSection
EndGlobal
